{
  "name": "tt-admin-tools",
  "version": "0.0.1",
  "lockfileVersion": 1,
  "requires": true,
  "dependencies": {
    "bluebird": {
      "version": "3.5.1",
      "resolved": "http://registry.npm.taobao.org/bluebird/download/bluebird-3.5.1.tgz",
      "integrity": "sha1-2VUfnemPH82h5oPRfukaBgLuLrk="
    },
    "commander": {
      "version": "2.12.2",
      "resolved": "http://registry.npm.taobao.org/commander/download/commander-2.12.2.tgz",
      "integrity": "sha1-D1lGxCftnsDZGka7ne9T5UZQ5VU="
    },
    "ejs": {
      "version": "2.5.7",
      "resolved": "http://registry.npm.taobao.org/ejs/download/ejs-2.5.7.tgz",
      "integrity": "sha1-zIcsFoiArjxxiXYv1f/ACJbJUYo="
    }
  }
}
